// !$*UTF8*$!
{
	archiveVersion = 1;
	classes = {
	};
	objectVersion = 50;
	objects = {

/* Begin PBXBuildFile section */
		662ED1772825A17A0076AFE0 /* AppDelegate.swift in Sources */ = {isa = PBXBuildFile; fileRef = 662ED1762825A17A0076AFE0 /* AppDelegate.swift */; };
		662ED1792825A17A0076AFE0 /* SceneDelegate.swift in Sources */ = {isa = PBXBuildFile; fileRef = 662ED1782825A17A0076AFE0 /* SceneDelegate.swift */; };
		662ED1812825A17A0076AFE0 /* Actors.xcdatamodeld in Sources */ = {isa = PBXBuildFile; fileRef = 662ED17F2825A17A0076AFE0 /* Actors.xcdatamodeld */; };
		662ED1832825A1800076AFE0 /* Assets.xcassets in Resources */ = {isa = PBXBuildFile; fileRef = 662ED1822825A1800076AFE0 /* Assets.xcassets */; };
		662ED1862825A1800076AFE0 /* LaunchScreen.storyboard in Resources */ = {isa = PBXBuildFile; fileRef = 662ED1842825A1800076AFE0 /* LaunchScreen.storyboard */; };
		662ED19B2825A25E0076AFE0 /* Actor.swift in Sources */ = {isa = PBXBuildFile; fileRef = 662ED19A2825A25E0076AFE0 /* Actor.swift */; };
		662ED19E2825A2740076AFE0 /* Actors.swift in Sources */ = {isa = PBXBuildFile; fileRef = 662ED19D2825A2740076AFE0 /* Actors.swift */; };
		662ED1A22825A2A70076AFE0 /* XMLActorParser.swift in Sources */ = {isa = PBXBuildFile; fileRef = 662ED1A12825A2A70076AFE0 /* XMLActorParser.swift */; };
		662ED1A62825A2D60076AFE0 /* actors.xml in Resources */ = {isa = PBXBuildFile; fileRef = 662ED1A52825A2D60076AFE0 /* actors.xml */; };
		662ED1AA2825A3250076AFE0 /* ActorsTableViewController.swift in Sources */ = {isa = PBXBuildFile; fileRef = 662ED1A92825A3250076AFE0 /* ActorsTableViewController.swift */; };
		662ED1AD2825A34C0076AFE0 /* ActorInfoViewController.swift in Sources */ = {isa = PBXBuildFile; fileRef = 662ED1AC2825A34C0076AFE0 /* ActorInfoViewController.swift */; };
		662ED1B02825A38C0076AFE0 /* ActorDetailsViewController.swift in Sources */ = {isa = PBXBuildFile; fileRef = 662ED1AF2825A38C0076AFE0 /* ActorDetailsViewController.swift */; };
		662ED1B32825A3C30076AFE0 /* ActorWebsiteViewController.swift in Sources */ = {isa = PBXBuildFile; fileRef = 662ED1B22825A3C30076AFE0 /* ActorWebsiteViewController.swift */; };
		662ED1B72825A4920076AFE0 /* Main.storyboard in Resources */ = {isa = PBXBuildFile; fileRef = 662ED1B62825A4910076AFE0 /* Main.storyboard */; };
		66A6B5182826B8C300E74712 /* EditAddActorViewContoller.swift in Sources */ = {isa = PBXBuildFile; fileRef = 66A6B5172826B8C300E74712 /* EditAddActorViewContoller.swift */; };
/* End PBXBuildFile section */

/* Begin PBXFileReference section */
		662ED1732825A17A0076AFE0 /* Actors.app */ = {isa = PBXFileReference; explicitFileType = wrapper.application; includeInIndex = 0; path = Actors.app; sourceTree = BUILT_PRODUCTS_DIR; };
		662ED1762825A17A0076AFE0 /* AppDelegate.swift */ = {isa = PBXFileReference; lastKnownFileType = sourcecode.swift; path = AppDelegate.swift; sourceTree = "<group>"; };
		662ED1782825A17A0076AFE0 /* SceneDelegate.swift */ = {isa = PBXFileReference; lastKnownFileType = sourcecode.swift; path = SceneDelegate.swift; sourceTree = "<group>"; };
		662ED1802825A17A0076AFE0 /* Actors.xcdatamodel */ = {isa = PBXFileReference; lastKnownFileType = wrapper.xcdatamodel; path = Actors.xcdatamodel; sourceTree = "<group>"; };
		662ED1822825A1800076AFE0 /* Assets.xcassets */ = {isa = PBXFileReference; lastKnownFileType = folder.assetcatalog; path = Assets.xcassets; sourceTree = "<group>"; };
		662ED1852825A1800076AFE0 /* Base */ = {isa = PBXFileReference; lastKnownFileType = file.storyboard; name = Base; path = Base.lproj/LaunchScreen.storyboard; sourceTree = "<group>"; };
		662ED1872825A1800076AFE0 /* Info.plist */ = {isa = PBXFileReference; lastKnownFileType = text.plist.xml; path = Info.plist; sourceTree = "<group>"; };
		662ED19A2825A25E0076AFE0 /* Actor.swift */ = {isa = PBXFileReference; lastKnownFileType = sourcecode.swift; path = Actor.swift; sourceTree = "<group>"; };
		662ED19D2825A2740076AFE0 /* Actors.swift */ = {isa = PBXFileReference; lastKnownFileType = sourcecode.swift; path = Actors.swift; sourceTree = "<group>"; };
		662ED1A12825A2A70076AFE0 /* XMLActorParser.swift */ = {isa = PBXFileReference; lastKnownFileType = sourcecode.swift; path = XMLActorParser.swift; sourceTree = "<group>"; };
		662ED1A52825A2D60076AFE0 /* actors.xml */ = {isa = PBXFileReference; lastKnownFileType = text.xml; path = actors.xml; sourceTree = "<group>"; };
		662ED1A92825A3250076AFE0 /* ActorsTableViewController.swift */ = {isa = PBXFileReference; lastKnownFileType = sourcecode.swift; path = ActorsTableViewController.swift; sourceTree = "<group>"; };
		662ED1AC2825A34C0076AFE0 /* ActorInfoViewController.swift */ = {isa = PBXFileReference; lastKnownFileType = sourcecode.swift; path = ActorInfoViewController.swift; sourceTree = "<group>"; };
		662ED1AF2825A38C0076AFE0 /* ActorDetailsViewController.swift */ = {isa = PBXFileReference; lastKnownFileType = sourcecode.swift; path = ActorDetailsViewController.swift; sourceTree = "<group>"; };
		662ED1B22825A3C30076AFE0 /* ActorWebsiteViewController.swift */ = {isa = PBXFileReference; lastKnownFileType = sourcecode.swift; path = ActorWebsiteViewController.swift; sourceTree = "<group>"; };
		662ED1B62825A4910076AFE0 /* Main.storyboard */ = {isa = PBXFileReference; fileEncoding = 4; lastKnownFileType = file.storyboard; path = Main.storyboard; sourceTree = "<group>"; };
		66A6B5172826B8C300E74712 /* EditAddActorViewContoller.swift */ = {isa = PBXFileReference; lastKnownFileType = sourcecode.swift; path = EditAddActorViewContoller.swift; sourceTree = "<group>"; };
/* End PBXFileReference section */

/* Begin PBXFrameworksBuildPhase section */
		662ED1702825A17A0076AFE0 /* Frameworks */ = {
			isa = PBXFrameworksBuildPhase;
			buildActionMask = 2147483647;
			files = (
			);
			runOnlyForDeploymentPostprocessing = 0;
		};
/* End PBXFrameworksBuildPhase section */

/* Begin PBXGroup section */
		662ED16A2825A17A0076AFE0 = {
			isa = PBXGroup;
			children = (
				662ED1752825A17A0076AFE0 /* Actors */,
				662ED1742825A17A0076AFE0 /* Products */,
			);
			sourceTree = "<group>";
		};
		662ED1742825A17A0076AFE0 /* Products */ = {
			isa = PBXGroup;
			children = (
				662ED1732825A17A0076AFE0 /* Actors.app */,
			);
			name = Products;
			sourceTree = "<group>";
		};
		662ED1752825A17A0076AFE0 /* Actors */ = {
			isa = PBXGroup;
			children = (
				662ED1872825A1800076AFE0 /* Info.plist */,
				662ED1822825A1800076AFE0 /* Assets.xcassets */,
				662ED1A02825A2840076AFE0 /* Helpers */,
				662ED1912825A1D40076AFE0 /* Data */,
				662ED1972825A2030076AFE0 /* Models */,
				662ED18E2825A1B50076AFE0 /* Lifecycle */,
				662ED1902825A1C60076AFE0 /* Views */,
				662ED1922825A1E00076AFE0 /* Controllers */,
			);
			path = Actors;
			sourceTree = "<group>";
		};
		662ED18E2825A1B50076AFE0 /* Lifecycle */ = {
			isa = PBXGroup;
			children = (
				662ED1762825A17A0076AFE0 /* AppDelegate.swift */,
				662ED1782825A17A0076AFE0 /* SceneDelegate.swift */,
			);
			path = Lifecycle;
			sourceTree = "<group>";
		};
		662ED1902825A1C60076AFE0 /* Views */ = {
			isa = PBXGroup;
			children = (
				662ED1B62825A4910076AFE0 /* Main.storyboard */,
				662ED1842825A1800076AFE0 /* LaunchScreen.storyboard */,
			);
			path = Views;
			sourceTree = "<group>";
		};
		662ED1912825A1D40076AFE0 /* Data */ = {
			isa = PBXGroup;
			children = (
				662ED17F2825A17A0076AFE0 /* Actors.xcdatamodeld */,
				662ED1A52825A2D60076AFE0 /* actors.xml */,
			);
			path = Data;
			sourceTree = "<group>";
		};
		662ED1922825A1E00076AFE0 /* Controllers */ = {
			isa = PBXGroup;
			children = (
				662ED1A92825A3250076AFE0 /* ActorsTableViewController.swift */,
				662ED1AC2825A34C0076AFE0 /* ActorInfoViewController.swift */,
				662ED1AF2825A38C0076AFE0 /* ActorDetailsViewController.swift */,
				662ED1B22825A3C30076AFE0 /* ActorWebsiteViewController.swift */,
				66A6B5172826B8C300E74712 /* EditAddActorViewContoller.swift */,
			);
			path = Controllers;
			sourceTree = "<group>";
		};
		662ED1972825A2030076AFE0 /* Models */ = {
			isa = PBXGroup;
			children = (
				662ED19A2825A25E0076AFE0 /* Actor.swift */,
				662ED19D2825A2740076AFE0 /* Actors.swift */,
			);
			path = Models;
			sourceTree = "<group>";
		};
		662ED1A02825A2840076AFE0 /* Helpers */ = {
			isa = PBXGroup;
			children = (
				662ED1A12825A2A70076AFE0 /* XMLActorParser.swift */,
			);
			path = Helpers;
			sourceTree = "<group>";
		};
/* End PBXGroup section */

/* Begin PBXNativeTarget section */
		662ED1722825A17A0076AFE0 /* Actors */ = {
			isa = PBXNativeTarget;
			buildConfigurationList = 662ED18A2825A1800076AFE0 /* Build configuration list for PBXNativeTarget "Actors" */;
			buildPhases = (
				662ED16F2825A17A0076AFE0 /* Sources */,
				662ED1702825A17A0076AFE0 /* Frameworks */,
				662ED1712825A17A0076AFE0 /* Resources */,
			);
			buildRules = (
			);
			dependencies = (
			);
			name = Actors;
			productName = Actors;
			productReference = 662ED1732825A17A0076AFE0 /* Actors.app */;
			productType = "com.apple.product-type.application";
		};
/* End PBXNativeTarget section */

/* Begin PBXProject section */
		662ED16B2825A17A0076AFE0 /* Project object */ = {
			isa = PBXProject;
			attributes = {
				LastSwiftUpdateCheck = 1200;
				LastUpgradeCheck = 1200;
				TargetAttributes = {
					662ED1722825A17A0076AFE0 = {
						CreatedOnToolsVersion = 12.0;
					};
				};
			};
			buildConfigurationList = 662ED16E2825A17A0076AFE0 /* Build configuration list for PBXProject "Actors" */;
			compatibilityVersion = "Xcode 9.3";
			developmentRegion = en;
			hasScannedForEncodings = 0;
			knownRegions = (
				en,
				Base,
			);
			mainGroup = 662ED16A2825A17A0076AFE0;
			productRefGroup = 662ED1742825A17A0076AFE0 /* Products */;
			projectDirPath = "";
			projectRoot = "";
			targets = (
				662ED1722825A17A0076AFE0 /* Actors */,
			);
		};
/* End PBXProject section */

/* Begin PBXResourcesBuildPhase section */
		662ED1712825A17A0076AFE0 /* Resources */ = {
			isa = PBXResourcesBuildPhase;
			buildActionMask = 2147483647;
			files = (
				662ED1862825A1800076AFE0 /* LaunchScreen.storyboard in Resources */,
				662ED1A62825A2D60076AFE0 /* actors.xml in Resources */,
				662ED1832825A1800076AFE0 /* Assets.xcassets in Resources */,
				662ED1B72825A4920076AFE0 /* Main.storyboard in Resources */,
			);
			runOnlyForDeploymentPostprocessing = 0;
		};
/* End PBXResourcesBuildPhase section */

/* Begin PBXSourcesBuildPhase section */
		662ED16F2825A17A0076AFE0 /* Sources */ = {
			isa = PBXSourcesBuildPhase;
			buildActionMask = 2147483647;
			files = (
				662ED1B32825A3C30076AFE0 /* ActorWebsiteViewController.swift in Sources */,
				662ED1772825A17A0076AFE0 /* AppDelegate.swift in Sources */,
				662ED1792825A17A0076AFE0 /* SceneDelegate.swift in Sources */,
				662ED19E2825A2740076AFE0 /* Actors.swift in Sources */,
				66A6B5182826B8C300E74712 /* EditAddActorViewContoller.swift in Sources */,
				662ED1AA2825A3250076AFE0 /* ActorsTableViewController.swift in Sources */,
				662ED1AD2825A34C0076AFE0 /* ActorInfoViewController.swift in Sources */,
				662ED1812825A17A0076AFE0 /* Actors.xcdatamodeld in Sources */,
				662ED19B2825A25E0076AFE0 /* Actor.swift in Sources */,
				662ED1B02825A38C0076AFE0 /* ActorDetailsViewController.swift in Sources */,
				662ED1A22825A2A70076AFE0 /* XMLActorParser.swift in Sources */,
			);
			runOnlyForDeploymentPostprocessing = 0;
		};
/* End PBXSourcesBuildPhase section */

/* Begin PBXVariantGroup section */
		662ED1842825A1800076AFE0 /* LaunchScreen.storyboard */ = {
			isa = PBXVariantGroup;
			children = (
				662ED1852825A1800076AFE0 /* Base */,
			);
			name = LaunchScreen.storyboard;
			sourceTree = "<group>";
		};
/* End PBXVariantGroup section */

/* Begin XCBuildConfiguration section */
		662ED1882825A1800076AFE0 /* Debug */ = {
			isa = XCBuildConfiguration;
			buildSettings = {
				ALWAYS_SEARCH_USER_PATHS = NO;
				CLANG_ANALYZER_NONNULL = YES;
				CLANG_ANALYZER_NUMBER_OBJECT_CONVERSION = YES_AGGRESSIVE;
				CLANG_CXX_LANGUAGE_STANDARD = "gnu++14";
				CLANG_CXX_LIBRARY = "libc++";
				CLANG_ENABLE_MODULES = YES;
				CLANG_ENABLE_OBJC_ARC = YES;
				CLANG_ENABLE_OBJC_WEAK = YES;
				CLANG_WARN_BLOCK_CAPTURE_AUTORELEASING = YES;
				CLANG_WARN_BOOL_CONVERSION = YES;
				CLANG_WARN_COMMA = YES;
				CLANG_WARN_CONSTANT_CONVERSION = YES;
				CLANG_WARN_DEPRECATED_OBJC_IMPLEMENTATIONS = YES;
				CLANG_WARN_DIRECT_OBJC_ISA_USAGE = YES_ERROR;
				CLANG_WARN_DOCUMENTATION_COMMENTS = YES;
				CLANG_WARN_EMPTY_BODY = YES;
				CLANG_WARN_ENUM_CONVERSION = YES;
				CLANG_WARN_INFINITE_RECURSION = YES;
				CLANG_WARN_INT_CONVERSION = YES;
				CLANG_WARN_NON_LITERAL_NULL_CONVERSION = YES;
				CLANG_WARN_OBJC_IMPLICIT_RETAIN_SELF = YES;
				CLANG_WARN_OBJC_LITERAL_CONVERSION = YES;
				CLANG_WARN_OBJC_ROOT_CLASS = YES_ERROR;
				CLANG_WARN_QUOTED_INCLUDE_IN_FRAMEWORK_HEADER = YES;
				CLANG_WARN_RANGE_LOOP_ANALYSIS = YES;
				CLANG_WARN_STRICT_PROTOTYPES = YES;
				CLANG_WARN_SUSPICIOUS_MOVE = YES;
				CLANG_WARN_UNGUARDED_AVAILABILITY = YES_AGGRESSIVE;
				CLANG_WARN_UNREACHABLE_CODE = YES;
				CLANG_WARN__DUPLICATE_METHOD_MATCH = YES;
				COPY_PHASE_STRIP = NO;
				DEBUG_INFORMATION_FORMAT = dwarf;
				ENABLE_STRICT_OBJC_MSGSEND = YES;
				ENABLE_TESTABILITY = YES;
				GCC_C_LANGUAGE_STANDARD = gnu11;
				GCC_DYNAMIC_NO_PIC = NO;
				GCC_NO_COMMON_BLOCKS = YES;
				GCC_OPTIMIZATION_LEVEL = 0;
				GCC_PREPROCESSOR_DEFINITIONS = (
					"DEBUG=1",
					"$(inherited)",
				);
				GCC_WARN_64_TO_32_BIT_CONVERSION = YES;
				GCC_WARN_ABOUT_RETURN_TYPE = YES_ERROR;
				GCC_WARN_UNDECLARED_SELECTOR = YES;
				GCC_WARN_UNINITIALIZED_AUTOS = YES_AGGRESSIVE;
				GCC_WARN_UNUSED_FUNCTION = YES;
				GCC_WARN_UNUSED_VARIABLE = YES;
				IPHONEOS_DEPLOYMENT_TARGET = 14.0;
				MTL_ENABLE_DEBUG_INFO = INCLUDE_SOURCE;
				MTL_FAST_MATH = YES;
				ONLY_ACTIVE_ARCH = YES;
				SDKROOT = iphoneos;
				SWIFT_ACTIVE_COMPILATION_CONDITIONS = DEBUG;
				SWIFT_OPTIMIZATION_LEVEL = "-Onone";
			};
			name = Debug;
		};
		662ED1892825A1800076AFE0 /* Release */ = {
			isa = XCBuildConfiguration;
			buildSettings = {
				ALWAYS_SEARCH_USER_PATHS = NO;
				CLANG_ANALYZER_NONNULL = YES;
				CLANG_ANALYZER_NUMBER_OBJECT_CONVERSION = YES_AGGRESSIVE;
				CLANG_CXX_LANGUAGE_STANDARD = "gnu++14";
				CLANG_CXX_LIBRARY = "libc++";
				CLANG_ENABLE_MODULES = YES;
				CLANG_ENABLE_OBJC_ARC = YES;
				CLANG_ENABLE_OBJC_WEAK = YES;
				CLANG_WARN_BLOCK_CAPTURE_AUTORELEASING = YES;
				CLANG_WARN_BOOL_CONVERSION = YES;
				CLANG_WARN_COMMA = YES;
				CLANG_WARN_CONSTANT_CONVERSION = YES;
				CLANG_WARN_DEPRECATED_OBJC_IMPLEMENTATIONS = YES;
				CLANG_WARN_DIRECT_OBJC_ISA_USAGE = YES_ERROR;
				CLANG_WARN_DOCUMENTATION_COMMENTS = YES;
				CLANG_WARN_EMPTY_BODY = YES;
				CLANG_WARN_ENUM_CONVERSION = YES;
				CLANG_WARN_INFINITE_RECURSION = YES;
				CLANG_WARN_INT_CONVERSION = YES;
				CLANG_WARN_NON_LITERAL_NULL_CONVERSION = YES;
				CLANG_WARN_OBJC_IMPLICIT_RETAIN_SELF = YES;
				CLANG_WARN_OBJC_LITERAL_CONVERSION = YES;
				CLANG_WARN_OBJC_ROOT_CLASS = YES_ERROR;
				CLANG_WARN_QUOTED_INCLUDE_IN_FRAMEWORK_HEADER = YES;
				CLANG_WARN_RANGE_LOOP_ANALYSIS = YES;
				CLANG_WARN_STRICT_PROTOTYPES = YES;
				CLANG_WARN_SUSPICIOUS_MOVE = YES;
				CLANG_WARN_UNGUARDED_AVAILABILITY = YES_AGGRESSIVE;
				CLANG_WARN_UNREACHABLE_CODE = YES;
				CLANG_WARN__DUPLICATE_METHOD_MATCH = YES;
				COPY_PHASE_STRIP = NO;
				DEBUG_INFORMATION_FORMAT = "dwarf-with-dsym";
				ENABLE_NS_ASSERTIONS = NO;
				ENABLE_STRICT_OBJC_MSGSEND = YES;
				GCC_C_LANGUAGE_STANDARD = gnu11;
				GCC_NO_COMMON_BLOCKS = YES;
				GCC_WARN_64_TO_32_BIT_CONVERSION = YES;
				GCC_WARN_ABOUT_RETURN_TYPE = YES_ERROR;
				GCC_WARN_UNDECLARED_SELECTOR = YES;
				GCC_WARN_UNINITIALIZED_AUTOS = YES_AGGRESSIVE;
				GCC_WARN_UNUSED_FUNCTION = YES;
				GCC_WARN_UNUSED_VARIABLE = YES;
				IPHONEOS_DEPLOYMENT_TARGET = 14.0;
				MTL_ENABLE_DEBUG_INFO = NO;
				MTL_FAST_MATH = YES;
				SDKROOT = iphoneos;
				SWIFT_COMPILATION_MODE = wholemodule;
				SWIFT_OPTIMIZATION_LEVEL = "-O";
				VALIDATE_PRODUCT = YES;
			};
			name = Release;
		};
		662ED18B2825A1800076AFE0 /* Debug */ = {
			isa = XCBuildConfiguration;
			buildSettings = {
				ASSETCATALOG_COMPILER_APPICON_NAME = AppIcon;
				ASSETCATALOG_COMPILER_GLOBAL_ACCENT_COLOR_NAME = AccentColor;
				CODE_SIGN_STYLE = Automatic;
				DEVELOPMENT_TEAM = 4SVSQX32T2;
				INFOPLIST_FILE = Actors/Info.plist;
				LD_RUNPATH_SEARCH_PATHS = (
					"$(inherited)",
					"@executable_path/Frameworks",
				);
				PRODUCT_BUNDLE_IDENTIFIER = com.robertadrianbucur.Actors;
				PRODUCT_NAME = "$(TARGET_NAME)";
				SWIFT_VERSION = 5.0;
				TARGETED_DEVICE_FAMILY = "1,2";
			};
			name = Debug;
		};
		662ED18C2825A1800076AFE0 /* Release */ = {
			isa = XCBuildConfiguration;
			buildSettings = {
				ASSETCATALOG_COMPILER_APPICON_NAME = AppIcon;
				ASSETCATALOG_COMPILER_GLOBAL_ACCENT_COLOR_NAME = AccentColor;
				CODE_SIGN_STYLE = Automatic;
				DEVELOPMENT_TEAM = 4SVSQX32T2;
				INFOPLIST_FILE = Actors/Info.plist;
				LD_RUNPATH_SEARCH_PATHS = (
					"$(inherited)",
					"@executable_path/Frameworks",
				);
				PRODUCT_BUNDLE_IDENTIFIER = com.robertadrianbucur.Actors;
				PRODUCT_NAME = "$(TARGET_NAME)";
				SWIFT_VERSION = 5.0;
				TARGETED_DEVICE_FAMILY = "1,2";
			};
			name = Release;
		};
/* End XCBuildConfiguration section */

/* Begin XCConfigurationList section */
		662ED16E2825A17A0076AFE0 /* Build configuration list for PBXProject "Actors" */ = {
			isa = XCConfigurationList;
			buildConfigurations = (
				662ED1882825A1800076AFE0 /* Debug */,
				662ED1892825A1800076AFE0 /* Release */,
			);
			defaultConfigurationIsVisible = 0;
			defaultConfigurationName = Release;
		};
		662ED18A2825A1800076AFE0 /* Build configuration list for PBXNativeTarget "Actors" */ = {
			isa = XCConfigurationList;
			buildConfigurations = (
				662ED18B2825A1800076AFE0 /* Debug */,
				662ED18C2825A1800076AFE0 /* Release */,
			);
			defaultConfigurationIsVisible = 0;
			defaultConfigurationName = Release;
		};
/* End XCConfigurationList section */

/* Begin XCVersionGroup section */
		662ED17F2825A17A0076AFE0 /* Actors.xcdatamodeld */ = {
			isa = XCVersionGroup;
			children = (
				662ED1802825A17A0076AFE0 /* Actors.xcdatamodel */,
			);
			currentVersion = 662ED1802825A17A0076AFE0 /* Actors.xcdatamodel */;
			path = Actors.xcdatamodeld;
			sourceTree = "<group>";
			versionGroupType = wrapper.xcdatamodel;
		};
/* End XCVersionGroup section */
	};
	rootObject = 662ED16B2825A17A0076AFE0 /* Project object */;
}
